
Microsoft Visual Studio Solution File, Format Version 12.00
# Visual Studio Version 16
VisualStudioVersion = 16.0.30517.126
MinimumVisualStudioVersion = 15.0.26124.0
Project("{9A19103F-16F7-4668-BE54-9A1E7A4F7556}") = "CurrencyConverter.DataAccess", "CurrencyConverter.DataAccess\CurrencyConverter.DataAccess.csproj", "{E1E8D12F-F397-4939-B18D-DB29E89589A1}"
EndProject
Project("{9A19103F-16F7-4668-BE54-9A1E7A4F7556}") = "CurrencyConverter.BusinessLogic", "CurrencyConverter.BusinessLogic\CurrencyConverter.BusinessLogic.csproj", "{052FDCD9-2D90-471E-8921-1DEB9EBB7CC5}"
EndProject
Project("{FAE04EC0-301F-11D3-BF4B-00C04F79EFBC}") = "CurrencyConverter.Interfaces", "CurrencyConverter.Interfaces\CurrencyConverter.Interfaces.csproj", "{86C103EC-4C2E-4651-BC70-D20134CF2264}"
EndProject
Project("{FAE04EC0-301F-11D3-BF4B-00C04F79EFBC}") = "CurrencyConverter.Presentation", "CurrencyConverter.Presentation\CurrencyConverter.Presentation.csproj", "{B4556A94-3614-45AF-B83F-6ABF6EE89A45}"
EndProject
Project("{FAE04EC0-301F-11D3-BF4B-00C04F79EFBC}") = "CurrencyConverter.IoC", "CurrencyConverter.IoC\CurrencyConverter.IoC.csproj", "{3116F2D3-F29E-45A9-81C5-B98F65C0E1E1}"
EndProject
Global
	GlobalSection(SolutionConfigurationPlatforms) = preSolution
		Debug|Any CPU = Debug|Any CPU
		Debug|x64 = Debug|x64
		Debug|x86 = Debug|x86
		Release|Any CPU = Release|Any CPU
		Release|x64 = Release|x64
		Release|x86 = Release|x86
	EndGlobalSection
	GlobalSection(ProjectConfigurationPlatforms) = postSolution
		{E1E8D12F-F397-4939-B18D-DB29E89589A1}.Debug|Any CPU.ActiveCfg = Debug|Any CPU
		{E1E8D12F-F397-4939-B18D-DB29E89589A1}.Debug|Any CPU.Build.0 = Debug|Any CPU
		{E1E8D12F-F397-4939-B18D-DB29E89589A1}.Debug|x64.ActiveCfg = Debug|Any CPU
		{E1E8D12F-F397-4939-B18D-DB29E89589A1}.Debug|x64.Build.0 = Debug|Any CPU
		{E1E8D12F-F397-4939-B18D-DB29E89589A1}.Debug|x86.ActiveCfg = Debug|Any CPU
		{E1E8D12F-F397-4939-B18D-DB29E89589A1}.Debug|x86.Build.0 = Debug|Any CPU
		{E1E8D12F-F397-4939-B18D-DB29E89589A1}.Release|Any CPU.ActiveCfg = Release|Any CPU
		{E1E8D12F-F397-4939-B18D-DB29E89589A1}.Release|Any CPU.Build.0 = Release|Any CPU
		{E1E8D12F-F397-4939-B18D-DB29E89589A1}.Release|x64.ActiveCfg = Release|Any CPU
		{E1E8D12F-F397-4939-B18D-DB29E89589A1}.Release|x64.Build.0 = Release|Any CPU
		{E1E8D12F-F397-4939-B18D-DB29E89589A1}.Release|x86.ActiveCfg = Release|Any CPU
		{E1E8D12F-F397-4939-B18D-DB29E89589A1}.Release|x86.Build.0 = Release|Any CPU
		{052FDCD9-2D90-471E-8921-1DEB9EBB7CC5}.Debug|Any CPU.ActiveCfg = Debug|Any CPU
		{052FDCD9-2D90-471E-8921-1DEB9EBB7CC5}.Debug|Any CPU.Build.0 = Debug|Any CPU
		{052FDCD9-2D90-471E-8921-1DEB9EBB7CC5}.Debug|x64.ActiveCfg = Debug|Any CPU
		{052FDCD9-2D90-471E-8921-1DEB9EBB7CC5}.Debug|x64.Build.0 = Debug|Any CPU
		{052FDCD9-2D90-471E-8921-1DEB9EBB7CC5}.Debug|x86.ActiveCfg = Debug|Any CPU
		{052FDCD9-2D90-471E-8921-1DEB9EBB7CC5}.Debug|x86.Build.0 = Debug|Any CPU
		{052FDCD9-2D90-471E-8921-1DEB9EBB7CC5}.Release|Any CPU.ActiveCfg = Release|Any CPU
		{052FDCD9-2D90-471E-8921-1DEB9EBB7CC5}.Release|Any CPU.Build.0 = Release|Any CPU
		{052FDCD9-2D90-471E-8921-1DEB9EBB7CC5}.Release|x64.ActiveCfg = Release|Any CPU
		{052FDCD9-2D90-471E-8921-1DEB9EBB7CC5}.Release|x64.Build.0 = Release|Any CPU
		{052FDCD9-2D90-471E-8921-1DEB9EBB7CC5}.Release|x86.ActiveCfg = Release|Any CPU
		{052FDCD9-2D90-471E-8921-1DEB9EBB7CC5}.Release|x86.Build.0 = Release|Any CPU
		{86C103EC-4C2E-4651-BC70-D20134CF2264}.Debug|Any CPU.ActiveCfg = Debug|Any CPU
		{86C103EC-4C2E-4651-BC70-D20134CF2264}.Debug|Any CPU.Build.0 = Debug|Any CPU
		{86C103EC-4C2E-4651-BC70-D20134CF2264}.Debug|x64.ActiveCfg = Debug|Any CPU
		{86C103EC-4C2E-4651-BC70-D20134CF2264}.Debug|x64.Build.0 = Debug|Any CPU
		{86C103EC-4C2E-4651-BC70-D20134CF2264}.Debug|x86.ActiveCfg = Debug|Any CPU
		{86C103EC-4C2E-4651-BC70-D20134CF2264}.Debug|x86.Build.0 = Debug|Any CPU
		{86C103EC-4C2E-4651-BC70-D20134CF2264}.Release|Any CPU.ActiveCfg = Release|Any CPU
		{86C103EC-4C2E-4651-BC70-D20134CF2264}.Release|Any CPU.Build.0 = Release|Any CPU
		{86C103EC-4C2E-4651-BC70-D20134CF2264}.Release|x64.ActiveCfg = Release|Any CPU
		{86C103EC-4C2E-4651-BC70-D20134CF2264}.Release|x64.Build.0 = Release|Any CPU
		{86C103EC-4C2E-4651-BC70-D20134CF2264}.Release|x86.ActiveCfg = Release|Any CPU
		{86C103EC-4C2E-4651-BC70-D20134CF2264}.Release|x86.Build.0 = Release|Any CPU
		{B4556A94-3614-45AF-B83F-6ABF6EE89A45}.Debug|Any CPU.ActiveCfg = Debug|Any CPU
		{B4556A94-3614-45AF-B83F-6ABF6EE89A45}.Debug|Any CPU.Build.0 = Debug|Any CPU
		{B4556A94-3614-45AF-B83F-6ABF6EE89A45}.Debug|x64.ActiveCfg = Debug|Any CPU
		{B4556A94-3614-45AF-B83F-6ABF6EE89A45}.Debug|x64.Build.0 = Debug|Any CPU
		{B4556A94-3614-45AF-B83F-6ABF6EE89A45}.Debug|x86.ActiveCfg = Debug|Any CPU
		{B4556A94-3614-45AF-B83F-6ABF6EE89A45}.Debug|x86.Build.0 = Debug|Any CPU
		{B4556A94-3614-45AF-B83F-6ABF6EE89A45}.Release|Any CPU.ActiveCfg = Release|Any CPU
		{B4556A94-3614-45AF-B83F-6ABF6EE89A45}.Release|Any CPU.Build.0 = Release|Any CPU
		{B4556A94-3614-45AF-B83F-6ABF6EE89A45}.Release|x64.ActiveCfg = Release|Any CPU
		{B4556A94-3614-45AF-B83F-6ABF6EE89A45}.Release|x64.Build.0 = Release|Any CPU
		{B4556A94-3614-45AF-B83F-6ABF6EE89A45}.Release|x86.ActiveCfg = Release|Any CPU
		{B4556A94-3614-45AF-B83F-6ABF6EE89A45}.Release|x86.Build.0 = Release|Any CPU
		{3116F2D3-F29E-45A9-81C5-B98F65C0E1E1}.Debug|Any CPU.ActiveCfg = Debug|Any CPU
		{3116F2D3-F29E-45A9-81C5-B98F65C0E1E1}.Debug|Any CPU.Build.0 = Debug|Any CPU
		{3116F2D3-F29E-45A9-81C5-B98F65C0E1E1}.Debug|x64.ActiveCfg = Debug|Any CPU
		{3116F2D3-F29E-45A9-81C5-B98F65C0E1E1}.Debug|x64.Build.0 = Debug|Any CPU
		{3116F2D3-F29E-45A9-81C5-B98F65C0E1E1}.Debug|x86.ActiveCfg = Debug|Any CPU
		{3116F2D3-F29E-45A9-81C5-B98F65C0E1E1}.Debug|x86.Build.0 = Debug|Any CPU
		{3116F2D3-F29E-45A9-81C5-B98F65C0E1E1}.Release|Any CPU.ActiveCfg = Release|Any CPU
		{3116F2D3-F29E-45A9-81C5-B98F65C0E1E1}.Release|Any CPU.Build.0 = Release|Any CPU
		{3116F2D3-F29E-45A9-81C5-B98F65C0E1E1}.Release|x64.ActiveCfg = Release|Any CPU
		{3116F2D3-F29E-45A9-81C5-B98F65C0E1E1}.Release|x64.Build.0 = Release|Any CPU
		{3116F2D3-F29E-45A9-81C5-B98F65C0E1E1}.Release|x86.ActiveCfg = Release|Any CPU
		{3116F2D3-F29E-45A9-81C5-B98F65C0E1E1}.Release|x86.Build.0 = Release|Any CPU
	EndGlobalSection
	GlobalSection(SolutionProperties) = preSolution
		HideSolutionNode = FALSE
	EndGlobalSection
	GlobalSection(ExtensibilityGlobals) = postSolution
		SolutionGuid = {A1FD20E1-7C82-4C82-B2ED-5E60E5255ED8}
	EndGlobalSection
EndGlobal
